// !$*UTF8*$!
{
	archiveVersion = 1;
	classes = {
	};
	objectVersion = 56;
	objects = {

/* Begin PBXBuildFile section */
		64CC916D2A0A72C200468EEB /* main.swift in Sources */ = {isa = PBXBuildFile; fileRef = 64CC916C2A0A72C200468EEB /* main.swift */; };
		64CC91752A0A734C00468EEB /* SwiftCSV in Frameworks */ = {isa = PBXBuildFile; productRef = 64CC91742A0A734C00468EEB /* SwiftCSV */; };
		64CC91772A0A73C400468EEB /* Iris.csv in CopyFiles */ = {isa = PBXBuildFile; fileRef = 64CC91762A0A73AE00468EEB /* Iris.csv */; };
		64CC91792A0A743B00468EEB /* KNN.swift in Sources */ = {isa = PBXBuildFile; fileRef = 64CC91782A0A743B00468EEB /* KNN.swift */; };
		64CC917B2A0A83E300468EEB /* Iris.swift in Sources */ = {isa = PBXBuildFile; fileRef = 64CC917A2A0A83E300468EEB /* Iris.swift */; };
		64CC917D2A0D097200468EEB /* Perceptron.swift in Sources */ = {isa = PBXBuildFile; fileRef = 64CC917C2A0D097200468EEB /* Perceptron.swift */; };
		64CC917F2A0D150D00468EEB /* DMC.swift in Sources */ = {isa = PBXBuildFile; fileRef = 64CC917E2A0D150D00468EEB /* DMC.swift */; };
/* End PBXBuildFile section */

/* Begin PBXCopyFilesBuildPhase section */
		64CC91672A0A72C200468EEB /* CopyFiles */ = {
			isa = PBXCopyFilesBuildPhase;
			buildActionMask = 12;
			dstPath = "";
			dstSubfolderSpec = 16;
			files = (
				64CC91772A0A73C400468EEB /* Iris.csv in CopyFiles */,
			);
			runOnlyForDeploymentPostprocessing = 0;
		};
/* End PBXCopyFilesBuildPhase section */

/* Begin PBXFileReference section */
		64CC91692A0A72C200468EEB /* BuildAIFromScratch */ = {isa = PBXFileReference; explicitFileType = "compiled.mach-o.executable"; includeInIndex = 0; path = BuildAIFromScratch; sourceTree = BUILT_PRODUCTS_DIR; };
		64CC916C2A0A72C200468EEB /* main.swift */ = {isa = PBXFileReference; lastKnownFileType = sourcecode.swift; path = main.swift; sourceTree = "<group>"; };
		64CC91762A0A73AE00468EEB /* Iris.csv */ = {isa = PBXFileReference; fileEncoding = 4; lastKnownFileType = text; path = Iris.csv; sourceTree = "<group>"; };
		64CC91782A0A743B00468EEB /* KNN.swift */ = {isa = PBXFileReference; lastKnownFileType = sourcecode.swift; path = KNN.swift; sourceTree = "<group>"; };
		64CC917A2A0A83E300468EEB /* Iris.swift */ = {isa = PBXFileReference; lastKnownFileType = sourcecode.swift; path = Iris.swift; sourceTree = "<group>"; };
		64CC917C2A0D097200468EEB /* Perceptron.swift */ = {isa = PBXFileReference; lastKnownFileType = sourcecode.swift; path = Perceptron.swift; sourceTree = "<group>"; };
		64CC917E2A0D150D00468EEB /* DMC.swift */ = {isa = PBXFileReference; lastKnownFileType = sourcecode.swift; path = DMC.swift; sourceTree = "<group>"; };
/* End PBXFileReference section */

/* Begin PBXFrameworksBuildPhase section */
		64CC91662A0A72C200468EEB /* Frameworks */ = {
			isa = PBXFrameworksBuildPhase;
			buildActionMask = 2147483647;
			files = (
				64CC91752A0A734C00468EEB /* SwiftCSV in Frameworks */,
			);
			runOnlyForDeploymentPostprocessing = 0;
		};
/* End PBXFrameworksBuildPhase section */

/* Begin PBXGroup section */
		64CC91602A0A72C200468EEB = {
			isa = PBXGroup;
			children = (
				64CC916B2A0A72C200468EEB /* BuildAIFromScratch */,
				64CC916A2A0A72C200468EEB /* Products */,
			);
			sourceTree = "<group>";
		};
		64CC916A2A0A72C200468EEB /* Products */ = {
			isa = PBXGroup;
			children = (
				64CC91692A0A72C200468EEB /* BuildAIFromScratch */,
			);
			name = Products;
			sourceTree = "<group>";
		};
		64CC916B2A0A72C200468EEB /* BuildAIFromScratch */ = {
			isa = PBXGroup;
			children = (
				64CC91762A0A73AE00468EEB /* Iris.csv */,
				64CC91782A0A743B00468EEB /* KNN.swift */,
				64CC917E2A0D150D00468EEB /* DMC.swift */,
				64CC917C2A0D097200468EEB /* Perceptron.swift */,
				64CC917A2A0A83E300468EEB /* Iris.swift */,
				64CC916C2A0A72C200468EEB /* main.swift */,
			);
			path = BuildAIFromScratch;
			sourceTree = "<group>";
		};
/* End PBXGroup section */

/* Begin PBXNativeTarget section */
		64CC91682A0A72C200468EEB /* BuildAIFromScratch */ = {
			isa = PBXNativeTarget;
			buildConfigurationList = 64CC91702A0A72C200468EEB /* Build configuration list for PBXNativeTarget "BuildAIFromScratch" */;
			buildPhases = (
				64CC91672A0A72C200468EEB /* CopyFiles */,
				64CC91652A0A72C200468EEB /* Sources */,
				64CC91662A0A72C200468EEB /* Frameworks */,
			);
			buildRules = (
			);
			dependencies = (
			);
			name = BuildAIFromScratch;
			packageProductDependencies = (
				64CC91742A0A734C00468EEB /* SwiftCSV */,
			);
			productName = BuildAIFromScratch;
			productReference = 64CC91692A0A72C200468EEB /* BuildAIFromScratch */;
			productType = "com.apple.product-type.tool";
		};
/* End PBXNativeTarget section */

/* Begin PBXProject section */
		64CC91612A0A72C200468EEB /* Project object */ = {
			isa = PBXProject;
			attributes = {
				BuildIndependentTargetsInParallel = 1;
				LastSwiftUpdateCheck = 1430;
				LastUpgradeCheck = 1430;
				TargetAttributes = {
					64CC91682A0A72C200468EEB = {
						CreatedOnToolsVersion = 14.3;
					};
				};
			};
			buildConfigurationList = 64CC91642A0A72C200468EEB /* Build configuration list for PBXProject "BuildAIFromScratch" */;
			compatibilityVersion = "Xcode 14.0";
			developmentRegion = en;
			hasScannedForEncodings = 0;
			knownRegions = (
				en,
				Base,
			);
			mainGroup = 64CC91602A0A72C200468EEB;
			packageReferences = (
				64CC91732A0A734C00468EEB /* XCRemoteSwiftPackageReference "SwiftCSV" */,
			);
			productRefGroup = 64CC916A2A0A72C200468EEB /* Products */;
			projectDirPath = "";
			projectRoot = "";
			targets = (
				64CC91682A0A72C200468EEB /* BuildAIFromScratch */,
			);
		};
/* End PBXProject section */

/* Begin PBXSourcesBuildPhase section */
		64CC91652A0A72C200468EEB /* Sources */ = {
			isa = PBXSourcesBuildPhase;
			buildActionMask = 2147483647;
			files = (
				64CC916D2A0A72C200468EEB /* main.swift in Sources */,
				64CC917D2A0D097200468EEB /* Perceptron.swift in Sources */,
				64CC917B2A0A83E300468EEB /* Iris.swift in Sources */,
				64CC91792A0A743B00468EEB /* KNN.swift in Sources */,
				64CC917F2A0D150D00468EEB /* DMC.swift in Sources */,
			);
			runOnlyForDeploymentPostprocessing = 0;
		};
/* End PBXSourcesBuildPhase section */

/* Begin XCBuildConfiguration section */
		64CC916E2A0A72C200468EEB /* Debug */ = {
			isa = XCBuildConfiguration;
			buildSettings = {
				ALWAYS_SEARCH_USER_PATHS = NO;
				CLANG_ANALYZER_NONNULL = YES;
				CLANG_ANALYZER_NUMBER_OBJECT_CONVERSION = YES_AGGRESSIVE;
				CLANG_CXX_LANGUAGE_STANDARD = "gnu++20";
				CLANG_ENABLE_MODULES = YES;
				CLANG_ENABLE_OBJC_ARC = YES;
				CLANG_ENABLE_OBJC_WEAK = YES;
				CLANG_WARN_BLOCK_CAPTURE_AUTORELEASING = YES;
				CLANG_WARN_BOOL_CONVERSION = YES;
				CLANG_WARN_COMMA = YES;
				CLANG_WARN_CONSTANT_CONVERSION = YES;
				CLANG_WARN_DEPRECATED_OBJC_IMPLEMENTATIONS = YES;
				CLANG_WARN_DIRECT_OBJC_ISA_USAGE = YES_ERROR;
				CLANG_WARN_DOCUMENTATION_COMMENTS = YES;
				CLANG_WARN_EMPTY_BODY = YES;
				CLANG_WARN_ENUM_CONVERSION = YES;
				CLANG_WARN_INFINITE_RECURSION = YES;
				CLANG_WARN_INT_CONVERSION = YES;
				CLANG_WARN_NON_LITERAL_NULL_CONVERSION = YES;
				CLANG_WARN_OBJC_IMPLICIT_RETAIN_SELF = YES;
				CLANG_WARN_OBJC_LITERAL_CONVERSION = YES;
				CLANG_WARN_OBJC_ROOT_CLASS = YES_ERROR;
				CLANG_WARN_QUOTED_INCLUDE_IN_FRAMEWORK_HEADER = YES;
				CLANG_WARN_RANGE_LOOP_ANALYSIS = YES;
				CLANG_WARN_STRICT_PROTOTYPES = YES;
				CLANG_WARN_SUSPICIOUS_MOVE = YES;
				CLANG_WARN_UNGUARDED_AVAILABILITY = YES_AGGRESSIVE;
				CLANG_WARN_UNREACHABLE_CODE = YES;
				CLANG_WARN__DUPLICATE_METHOD_MATCH = YES;
				COPY_PHASE_STRIP = NO;
				DEBUG_INFORMATION_FORMAT = dwarf;
				ENABLE_STRICT_OBJC_MSGSEND = YES;
				ENABLE_TESTABILITY = YES;
				GCC_C_LANGUAGE_STANDARD = gnu11;
				GCC_DYNAMIC_NO_PIC = NO;
				GCC_NO_COMMON_BLOCKS = YES;
				GCC_OPTIMIZATION_LEVEL = 0;
				GCC_PREPROCESSOR_DEFINITIONS = (
					"DEBUG=1",
					"$(inherited)",
				);
				GCC_WARN_64_TO_32_BIT_CONVERSION = YES;
				GCC_WARN_ABOUT_RETURN_TYPE = YES_ERROR;
				GCC_WARN_UNDECLARED_SELECTOR = YES;
				GCC_WARN_UNINITIALIZED_AUTOS = YES_AGGRESSIVE;
				GCC_WARN_UNUSED_FUNCTION = YES;
				GCC_WARN_UNUSED_VARIABLE = YES;
				MACOSX_DEPLOYMENT_TARGET = 13.3;
				MTL_ENABLE_DEBUG_INFO = INCLUDE_SOURCE;
				MTL_FAST_MATH = YES;
				ONLY_ACTIVE_ARCH = YES;
				SDKROOT = macosx;
				SWIFT_ACTIVE_COMPILATION_CONDITIONS = DEBUG;
				SWIFT_OPTIMIZATION_LEVEL = "-Onone";
			};
			name = Debug;
		};
		64CC916F2A0A72C200468EEB /* Release */ = {
			isa = XCBuildConfiguration;
			buildSettings = {
				ALWAYS_SEARCH_USER_PATHS = NO;
				CLANG_ANALYZER_NONNULL = YES;
				CLANG_ANALYZER_NUMBER_OBJECT_CONVERSION = YES_AGGRESSIVE;
				CLANG_CXX_LANGUAGE_STANDARD = "gnu++20";
				CLANG_ENABLE_MODULES = YES;
				CLANG_ENABLE_OBJC_ARC = YES;
				CLANG_ENABLE_OBJC_WEAK = YES;
				CLANG_WARN_BLOCK_CAPTURE_AUTORELEASING = YES;
				CLANG_WARN_BOOL_CONVERSION = YES;
				CLANG_WARN_COMMA = YES;
				CLANG_WARN_CONSTANT_CONVERSION = YES;
				CLANG_WARN_DEPRECATED_OBJC_IMPLEMENTATIONS = YES;
				CLANG_WARN_DIRECT_OBJC_ISA_USAGE = YES_ERROR;
				CLANG_WARN_DOCUMENTATION_COMMENTS = YES;
				CLANG_WARN_EMPTY_BODY = YES;
				CLANG_WARN_ENUM_CONVERSION = YES;
				CLANG_WARN_INFINITE_RECURSION = YES;
				CLANG_WARN_INT_CONVERSION = YES;
				CLANG_WARN_NON_LITERAL_NULL_CONVERSION = YES;
				CLANG_WARN_OBJC_IMPLICIT_RETAIN_SELF = YES;
				CLANG_WARN_OBJC_LITERAL_CONVERSION = YES;
				CLANG_WARN_OBJC_ROOT_CLASS = YES_ERROR;
				CLANG_WARN_QUOTED_INCLUDE_IN_FRAMEWORK_HEADER = YES;
				CLANG_WARN_RANGE_LOOP_ANALYSIS = YES;
				CLANG_WARN_STRICT_PROTOTYPES = YES;
				CLANG_WARN_SUSPICIOUS_MOVE = YES;
				CLANG_WARN_UNGUARDED_AVAILABILITY = YES_AGGRESSIVE;
				CLANG_WARN_UNREACHABLE_CODE = YES;
				CLANG_WARN__DUPLICATE_METHOD_MATCH = YES;
				COPY_PHASE_STRIP = NO;
				DEBUG_INFORMATION_FORMAT = "dwarf-with-dsym";
				ENABLE_NS_ASSERTIONS = NO;
				ENABLE_STRICT_OBJC_MSGSEND = YES;
				GCC_C_LANGUAGE_STANDARD = gnu11;
				GCC_NO_COMMON_BLOCKS = YES;
				GCC_WARN_64_TO_32_BIT_CONVERSION = YES;
				GCC_WARN_ABOUT_RETURN_TYPE = YES_ERROR;
				GCC_WARN_UNDECLARED_SELECTOR = YES;
				GCC_WARN_UNINITIALIZED_AUTOS = YES_AGGRESSIVE;
				GCC_WARN_UNUSED_FUNCTION = YES;
				GCC_WARN_UNUSED_VARIABLE = YES;
				MACOSX_DEPLOYMENT_TARGET = 13.3;
				MTL_ENABLE_DEBUG_INFO = NO;
				MTL_FAST_MATH = YES;
				SDKROOT = macosx;
				SWIFT_COMPILATION_MODE = wholemodule;
				SWIFT_OPTIMIZATION_LEVEL = "-O";
			};
			name = Release;
		};
		64CC91712A0A72C200468EEB /* Debug */ = {
			isa = XCBuildConfiguration;
			buildSettings = {
				CODE_SIGN_STYLE = Automatic;
				DEVELOPMENT_TEAM = D77WMSS6V2;
				ENABLE_HARDENED_RUNTIME = YES;
				PRODUCT_NAME = "$(TARGET_NAME)";
				SWIFT_VERSION = 5.0;
			};
			name = Debug;
		};
		64CC91722A0A72C200468EEB /* Release */ = {
			isa = XCBuildConfiguration;
			buildSettings = {
				CODE_SIGN_STYLE = Automatic;
				DEVELOPMENT_TEAM = D77WMSS6V2;
				ENABLE_HARDENED_RUNTIME = YES;
				PRODUCT_NAME = "$(TARGET_NAME)";
				SWIFT_VERSION = 5.0;
			};
			name = Release;
		};
/* End XCBuildConfiguration section */

/* Begin XCConfigurationList section */
		64CC91642A0A72C200468EEB /* Build configuration list for PBXProject "BuildAIFromScratch" */ = {
			isa = XCConfigurationList;
			buildConfigurations = (
				64CC916E2A0A72C200468EEB /* Debug */,
				64CC916F2A0A72C200468EEB /* Release */,
			);
			defaultConfigurationIsVisible = 0;
			defaultConfigurationName = Release;
		};
		64CC91702A0A72C200468EEB /* Build configuration list for PBXNativeTarget "BuildAIFromScratch" */ = {
			isa = XCConfigurationList;
			buildConfigurations = (
				64CC91712A0A72C200468EEB /* Debug */,
				64CC91722A0A72C200468EEB /* Release */,
			);
			defaultConfigurationIsVisible = 0;
			defaultConfigurationName = Release;
		};
/* End XCConfigurationList section */

/* Begin XCRemoteSwiftPackageReference section */
		64CC91732A0A734C00468EEB /* XCRemoteSwiftPackageReference "SwiftCSV" */ = {
			isa = XCRemoteSwiftPackageReference;
			repositoryURL = "https://github.com/swiftcsv/SwiftCSV.git";
			requirement = {
				kind = upToNextMajorVersion;
				minimumVersion = 0.8.1;
			};
		};
/* End XCRemoteSwiftPackageReference section */

/* Begin XCSwiftPackageProductDependency section */
		64CC91742A0A734C00468EEB /* SwiftCSV */ = {
			isa = XCSwiftPackageProductDependency;
			package = 64CC91732A0A734C00468EEB /* XCRemoteSwiftPackageReference "SwiftCSV" */;
			productName = SwiftCSV;
		};
/* End XCSwiftPackageProductDependency section */
	};
	rootObject = 64CC91612A0A72C200468EEB /* Project object */;
}
